
Microsoft Visual Studio Solution File, Format Version 12.00
# Visual Studio Version 17
VisualStudioVersion = 17.8.34330.188
MinimumVisualStudioVersion = 10.0.40219.1
Project("{9A19103F-16F7-4668-BE54-9A1E7A4F7556}") = "MauiAppWithMudBlazor", "MauiAppWithMudBlazor.csproj", "{FC5AB249-D690-4394-869E-551530C57217}"
EndProject
Global
	GlobalSection(SolutionConfigurationPlatforms) = preSolution
		Debug|Any CPU = Debug|Any CPU
		Release|Any CPU = Release|Any CPU
	EndGlobalSection
	GlobalSection(ProjectConfigurationPlatforms) = postSolution
		{FC5AB249-D690-4394-869E-551530C57217}.Debug|Any CPU.ActiveCfg = Debug|Any CPU
		{FC5AB249-D690-4394-869E-551530C57217}.Debug|Any CPU.Build.0 = Debug|Any CPU
		{FC5AB249-D690-4394-869E-551530C57217}.Debug|Any CPU.Deploy.0 = Debug|Any CPU
		{FC5AB249-D690-4394-869E-551530C57217}.Release|Any CPU.ActiveCfg = Release|Any CPU
		{FC5AB249-D690-4394-869E-551530C57217}.Release|Any CPU.Build.0 = Release|Any CPU
		{FC5AB249-D690-4394-869E-551530C57217}.Release|Any CPU.Deploy.0 = Release|Any CPU
	EndGlobalSection
	GlobalSection(SolutionProperties) = preSolution
		HideSolutionNode = FALSE
	EndGlobalSection
	GlobalSection(ExtensibilityGlobals) = postSolution
		SolutionGuid = {9C565336-1066-4A27-8DA0-3C62E6F11349}
	EndGlobalSection
EndGlobal
